github.com/d2r2/go-i2c v0.0.0-20191123181816-73a8a799d6bc h1:HLRSIWzUGMLCq4ldt0W1GLs3nnAxa5EGoP+9qHgh6j0=
github.com/d2r2/go-i2c v0.0.0-20191123181816-73a8a799d6bc/go.mod h1:AwxDPnsgIpy47jbGXZHA9Rv7pDkOJvQbezPuK1Y+nNk=
github.com/d2r2/go-logger v0.0.0-20210606094344-60e9d1233e22 h1:nO+SY4KOMsF/LsZ5EtbSKhiT3M6sv/igo2PEru/xEHI=
github.com/d2r2/go-logger v0.0.0-20210606094344-60e9d1233e22/go.mod h1:eSx+YfcVy5vCjRZBNIhpIpfCGFMQ6XSOSQkDk7+VCpg=
github.com/davecgh/go-spew v1.1.1 h1:vj9j/u1bqnvCEfJOwUhtlOARqs3+rkHYY13jYWTU97c=
github.com/davecgh/go-spew v1.1.1/go.mod h1:J7Y8YcW2NihsgmVo/mv3lAwl/skON4iLHjSsI+c5H38=
github.com/jonboulle/clockwork v0.4.0 h1:p4Cf1aMWXnXAUh8lVfewRBx1zaTSYKrKMF2g3ST4RZ4=
github.com/jonboulle/clockwork v0.4.0/go.mod h1:xgRqUGwRcjKCO1vbZUEtSLrqKoPSsUpK7fnezOII0kc=
github.com/mitchellh/go-homedir v1.1.0 h1:lukF9ziXFxDFPkA1vsr5zpc1XuPDn/wFntq5mG+4E0Y=
github.com/mitchellh/go-homedir v1.1.0/go.mod h1:SfyaCUpYCn1Vlf4IUYiD9fPX4A5wJrkLzIz1N1q0pr0=
github.com/mitchellh/panicwrap v1.0.0 h1:67zIyVakCIvcs69A0FGfZjBdPleaonSgGlXRSRlb6fE=
github.com/mitchellh/panicwrap v1.0.0/go.mod h1:pKvZHwWrZowLUzftuFq7coarnxbBXU4aQh3N0BJOeeA=
github.com/modulo-srl/mu-config v1.0.12 h1:OJEH+92sg1V+i/HNs6Zbe4N2sxBIiqnb05nD7eMMnjc=
github.com/modulo-srl/mu-config v1.0.12/go.mod h1:sQP/hQxJZ2+bkXoLYYpjDmdCqLGHqwKQyCGOcdv0CBI=
github.com/modulo-srl/sparalog v1.0.3 h1:Xiy6I+2NqrieA6+PmB6JPVbRZbXv/7n2npR9TWyeuko=
github.com/modulo-srl/sparalog v1.0.3/go.mod h1:KtUw/ZbtaJvk0U2KIDv8IF0DwQoefDcgvzuZOsvHeN8=
github.com/pelletier/go-toml/v2 v2.2.4 h1:mye9XuhQ6gvn5h28+VilKrrPoQVanw5PMw/TB0t5Ec4=
github.com/pelletier/go-toml/v2 v2.2.4/go.mod h1:2gIqNv+qfxSVS7cM2xJQKtLSTLUE9V8t9Stt+h56mCY=
gitlab.com/c0b/go-ordered-json v0.0.0-20201030195603-febf46534d5a h1:DxppxFKRqJ8WD6oJ3+ZXKDY0iMONQDl5UTg2aTyHh8k=
gitlab.com/c0b/go-ordered-json v0.0.0-20201030195603-febf46534d5a/go.mod h1:NREvu3a57BaK0R1+ztrEzHWiZAihohNLQ6trPxlIqZI=
gitlab.com/gomidi/midi/v2 v2.3.16 h1:yufWSENyjnJ4LFQa9BerzUm4E4aLfTyzw5nmnCteO0c=
gitlab.com/gomidi/midi/v2 v2.3.16/go.mod h1:jDpP4O4skYi+7iVwt6Zyp18bd2M4hkjtMuw2cmgKgfw=
gopkg.in/check.v1 v0.0.0-20161208181325-20d25e280405 h1:yhCVgyC4o1eVCa2tZl7eS0r+SDo693bJlVdllGtEeKM=
gopkg.in/check.v1 v0.0.0-20161208181325-20d25e280405/go.mod h1:Co6ibVJAznAaIkqp8huTwlJQCZ016jof/cbN4VW5Yz0=
gopkg.in/yaml.v3 v3.0.1 h1:fxVm/GzAzEWqLHuvctI91KS9hhNmmWOoWu0XTYJS7CA=
gopkg.in/yaml.v3 v3.0.1/go.mod h1:K4uyk7z7BCEPqu6E+C64Yfv1cQ7kz7rIZviUmN+EgEM=
periph.io/x/conn/v3 v3.7.2 h1:qt9dE6XGP5ljbFnCKRJ9OOCoiOyBGlw7JZgoi72zZ1s=
periph.io/x/conn/v3 v3.7.2/go.mod h1:Ao0b4sFRo4QOx6c1tROJU1fLJN1hUIYggjOrkIVnpGg=
periph.io/x/host/v3 v3.8.5 h1:g4g5xE1XZtDiGl1UAJaUur1aT7uNiFLMkyMEiZ7IHII=
periph.io/x/host/v3 v3.8.5/go.mod h1:hPq8dISZIc+UNfWoRj+bPH3XEBQqJPdFdx218W92mdc=
